{
  "name": "amuseme",
  "version": "1.0.0",
  "lockfileVersion": 1,
  "requires": true,
  "dependencies": {
    "three": {
      "version": "0.110.0",
      "resolved": "https://registry.npmjs.org/three/-/three-0.110.0.tgz",
      "integrity": "sha512-wlurH8XBO9Sd5VIw8nBa+taLR20kqaI4e9FiuMh6tqK8eOS2q2R+ZoUyufbyDTVTHhs8GiTbv0r2CMLkwerFJg=="
    },
    "tone": {
      "version": "13.8.25",
      "resolved": "https://registry.npmjs.org/tone/-/tone-13.8.25.tgz",
      "integrity": "sha512-8QqmLn+/R+Urib/78zf93+NqFLddXS777kQO7+EbJHwqy+nmug+SJFRp2KIytT0LQY2sJBiopNb2ceHA8uQQJg=="
    }
  }
}
